
Microsoft Visual Studio Solution File, Format Version 12.00
# Visual Studio Version 17
VisualStudioVersion = 17.0.32112.339
MinimumVisualStudioVersion = 10.0.40219.1
Project("{9A19103F-16F7-4668-BE54-9A1E7A4F7556}") = "RPA_Tech", "RPA_Tech\RPA_Tech.csproj", "{C83C11CF-2A48-41F7-9477-75382684B679}"
EndProject
Global
	GlobalSection(SolutionConfigurationPlatforms) = preSolution
		Debug|Any CPU = Debug|Any CPU
		Release|Any CPU = Release|Any CPU
	EndGlobalSection
	GlobalSection(ProjectConfigurationPlatforms) = postSolution
		{C83C11CF-2A48-41F7-9477-75382684B679}.Debug|Any CPU.ActiveCfg = Debug|Any CPU
		{C83C11CF-2A48-41F7-9477-75382684B679}.Debug|Any CPU.Build.0 = Debug|Any CPU
		{C83C11CF-2A48-41F7-9477-75382684B679}.Release|Any CPU.ActiveCfg = Release|Any CPU
		{C83C11CF-2A48-41F7-9477-75382684B679}.Release|Any CPU.Build.0 = Release|Any CPU
	EndGlobalSection
	GlobalSection(SolutionProperties) = preSolution
		HideSolutionNode = FALSE
	EndGlobalSection
	GlobalSection(ExtensibilityGlobals) = postSolution
		SolutionGuid = {6B30FF9E-3647-40EF-A7C3-7827FD4495CD}
	EndGlobalSection
EndGlobal
